
Microsoft Visual Studio Solution File, Format Version 12.00
Project("{FAE04EC0-301F-11D3-BF4B-00C04F79EFBC}") = "Övningsuppgift4", "Övningsuppgift4\Övningsuppgift4.csproj", "{7EC607EF-6922-4AD1-8AD2-15B5749F1DD7}"
EndProject
Project("{FAE04EC0-301F-11D3-BF4B-00C04F79EFBC}") = "Business", "Business\Business.csproj", "{81600AB7-78D5-4704-8ACD-A27B516A11A0}"
EndProject
Global
	GlobalSection(SolutionConfigurationPlatforms) = preSolution
		Debug|Any CPU = Debug|Any CPU
		Release|Any CPU = Release|Any CPU
	EndGlobalSection
	GlobalSection(ProjectConfigurationPlatforms) = postSolution
		{7EC607EF-6922-4AD1-8AD2-15B5749F1DD7}.Debug|Any CPU.ActiveCfg = Debug|Any CPU
		{7EC607EF-6922-4AD1-8AD2-15B5749F1DD7}.Debug|Any CPU.Build.0 = Debug|Any CPU
		{7EC607EF-6922-4AD1-8AD2-15B5749F1DD7}.Release|Any CPU.ActiveCfg = Release|Any CPU
		{7EC607EF-6922-4AD1-8AD2-15B5749F1DD7}.Release|Any CPU.Build.0 = Release|Any CPU
		{81600AB7-78D5-4704-8ACD-A27B516A11A0}.Debug|Any CPU.ActiveCfg = Debug|Any CPU
		{81600AB7-78D5-4704-8ACD-A27B516A11A0}.Debug|Any CPU.Build.0 = Debug|Any CPU
		{81600AB7-78D5-4704-8ACD-A27B516A11A0}.Release|Any CPU.ActiveCfg = Release|Any CPU
		{81600AB7-78D5-4704-8ACD-A27B516A11A0}.Release|Any CPU.Build.0 = Release|Any CPU
	EndGlobalSection
EndGlobal
